{
  "version": "5",
  "specifiers": {
    "jsr:@std/assert@1": "1.0.19",
    "jsr:@std/internal@^1.0.12": "1.0.14",
    "npm:firebase@^12.16.0": "12.17.1",
    "npm:supabase@^2.105.0": "2.111.0"
  },
  "jsr": {
    "@std/assert@1.0.19": {
      "integrity": "eaada96ee120cb980bc47e040f82814d786fe8162ecc53c91d8df60b8755991e",
      "dependencies": [
        "jsr:@std/internal"
      ]
    },
    "@std/internal@1.0.14": {
      "integrity": "291516b3d4c35024d6ffbc0a9df5bf4c64116e05b50012cf846710152d2ffdf7"
    }
  },
  "npm": {
    "@ecies/ciphers@0.2.6_@noble+ciphers@1.3.0": {
      "integrity": "sha512-patgsRPKGkhhoBjETV4XxD0En4ui5fbX0hzayqI3M8tvNMGUoUvmyYAIWwlxBc1KX5cturfqByYdj5bYGRpN9g==",
      "dependencies": [
        "@noble/ciphers"
      ]
    },
    "@firebase/ai@2.14.0_@firebase+app@0.16.0_@firebase+app-types@0.9.5": {
      "integrity": "sha512-TYEQqCQUTyVHuG/HVi9vau6F9kvEaS49o/hmdn/yUuN6ZXQkwIml2nNJTIBfjNl/r9LOxwUNILgcOY16nxObug==",
      "dependencies": [
        "@firebase/app",
        "@firebase/app-check-interop-types",
        "@firebase/app-types",
        "@firebase/component",
        "@firebase/logger",
        "@firebase/util",
        "tslib"
      ]
    },
    "@firebase/analytics-compat@0.2.29_@firebase+app@0.16.0_@firebase+app-compat@0.5.16": {
      "integrity": "sha512-allztvCvCUlItZzD97TiRAtGoFJzR1FQFmLxbaLc6PvgscqD9cl5NdKPTtka6keShVYXvCZJpzWcRoH4TME8rw==",
      "dependencies": [
        "@firebase/analytics",
        "@firebase/analytics-types",
        "@firebase/app",
        "@firebase/app-compat",
        "@firebase/component",
        "@firebase/util",
        "tslib"
      ]
    },
    "@firebase/analytics-types@0.8.4": {
      "integrity": "sha512-zQ+XTgkwH6CY/eUSHJRP7e4LxM30RCxlCmob5sy2axs25GE3Ny0XdgpDscMTHHQIGqWkxPXad4w2Mw9sCgT8zQ=="
    },
    "@firebase/analytics@0.10.23_@firebase+app@0.16.0": {
      "integrity": "sha512-34ALWXzWA6PTRUA5hipZmsm1RKzeecw5J1+qTCXsiMzwLqONC+GuTIQSdmm91MmTAEA+wG1Q5t0IFahcYQOqAA==",
      "dependencies": [
        "@firebase/app",
        "@firebase/component",
        "@firebase/installations",
        "@firebase/logger",
        "@firebase/util",
        "tslib"
      ]
    },
    "@firebase/app-check-compat@0.4.6_@firebase+app@0.16.0_@firebase+app-compat@0.5.16": {
      "integrity": "sha512-2pzNEZEkX84jSqy6TH6FI1HSLA1lc7kakRUybBbKjg9YhIttPlW/XX3N9CDtChji2PTTPWVPZiWhB10exHfA+A==",
      "dependencies": [
        "@firebase/app",
        "@firebase/app-check",
        "@firebase/app-check-types",
        "@firebase/app-compat",
        "@firebase/component",
        "@firebase/logger",
        "@firebase/util",
        "tslib"
      ]
    },
    "@firebase/app-check-interop-types@0.3.4": {
      "integrity": "sha512-zz3i6e13B8BfWiLy8MABtTh8aGIACgKbf9UVnyHcWs+yQzJXgQcl8A46b0zfaiJHdQ+niF0ouAfcpuf+3LMPQg=="
    },
    "@firebase/app-check-types@0.5.4": {
      "integrity": "sha512-xV7JsIyzVr15aA7f3Pi0rB9gdBuVubs89FGA8VkRYA4g0l78poADgdfrScgf7NndSg9mm7cR7PJyY0+t22KaGw=="
    },
    "@firebase/app-check@0.13.0_@firebase+app@0.16.0": {
      "integrity": "sha512-AbMttBKazQvGVXBZhQdVAdPzRhwHyJAY3Ghu5y2C7IZKIDIppzNYz0shTZ1mP4FBJa+28BuC4t+5h1Q6pT3Asg==",
      "dependencies": [
        "@firebase/app",
        "@firebase/component",
        "@firebase/logger",
        "@firebase/util",
        "tslib"
      ]
    },
    "@firebase/app-compat@0.5.16": {
      "integrity": "sha512-shQq37O8qELDzvsVwYPlDXwD1zlcrZ0m2bpBF5ov2HSbY8x+AHsnL5TtJ2e1JAfkQN05qHao1AfabS69PN6GiA==",
      "dependencies": [
        "@firebase/app",
        "@firebase/component",
        "@firebase/logger",
        "@firebase/util",
        "tslib"
      ]
    },
    "@firebase/app-types@0.9.5": {
      "integrity": "sha512-YevqTjvo7Iujsa9Dwowmd6dSoElhzmD63ZSrq6bzjvQ6POjYgNjOFHLmNIgJs48eNO093NCERibuFnxbfOvU7A==",
      "dependencies": [
        "@firebase/logger"
      ]
    },
    "@firebase/app@0.16.0": {
      "integrity": "sha512-G+ZGEyVP8YTb3ay6A+XpcYgFH3sTESHcnHU/EyTktodqhz2BHkLq+QEP7IVwjiMX0cxYwpVKip0/wC0KZcn9vQ==",
      "dependencies": [
        "@firebase/component",
        "@firebase/logger",
        "@firebase/util",
        "idb",
        "tslib"
      ]
    },
    "@firebase/auth-compat@0.6.9_@firebase+app@0.16.0_@firebase+app-compat@0.5.16_@firebase+app-types@0.9.5": {
      "integrity": "sha512-/hHeTBmQ61+N5J1RECls+WfskZTY78JXr7aO5EMOfUpqJvDqvoS+568k0rp6Ss/4UWwBjadILs+H+SGy1zCS3A==",
      "dependencies": [
        "@firebase/app",
        "@firebase/app-compat",
        "@firebase/auth",
        "@firebase/auth-types",
        "@firebase/component",
        "@firebase/util",
        "tslib"
      ]
    },
    "@firebase/auth-interop-types@0.2.5": {
      "integrity": "sha512-1Li/YuBDBAXcKv7BzY4U28gontUmAaw53sYiqbaVOMCFb2lFKK/c3CGMUWqtwe7+TXrl3poWnTCL5umYBg85Eg=="
    },
    "@firebase/auth-types@0.13.1_@firebase+app-types@0.9.5_@firebase+util@1.15.2": {
      "integrity": "sha512-0c1Mnid0uMDfGJHeUS4zfvBa4/CedJXotGy/n/NZJnBjwiJawt0ZYU+wH2VAVLiRCEfG2ncCkAX3yd1/2nrB7g==",
      "dependencies": [
        "@firebase/app-types",
        "@firebase/util"
      ]
    },
    "@firebase/auth@1.13.4_@firebase+app@0.16.0": {
      "integrity": "sha512-s+NS1aV0DDyyfoIMeSz53HXnVTv7ufJjJfrP63XyaWHweJ5vOoxKWrTm5tO7S7PDqvyOa/Wi3oP0dgAo6JTMMA==",
      "dependencies": [
        "@firebase/app",
        "@firebase/component",
        "@firebase/logger",
        "@firebase/util",
        "tslib"
      ]
    },
    "@firebase/component@0.7.4": {
      "integrity": "sha512-tLpOaaCol9ugUIYp2R3CbWPPA8Ajg/papX/XHEy8U52b/QXH3BbX8tTJX9aShDCjp+9sMAxMLD94i7lresdugQ==",
      "dependencies": [
        "@firebase/util",
        "tslib"
      ]
    },
    "@firebase/data-connect@0.7.3_@firebase+app@0.16.0": {
      "integrity": "sha512-nHBFk3Ntl+NZCRIUG2d5j7I69P0otjyQ/duhVKLbw4+5cNke/F6RK1pdE5Jnf831/QOTs2Bd00LlxlZ+jNsb9w==",
      "dependencies": [
        "@firebase/app",
        "@firebase/auth-interop-types",
        "@firebase/component",
        "@firebase/logger",
        "@firebase/util",
        "tslib"
      ]
    },
    "@firebase/database-compat@2.1.6_@firebase+app@0.16.0_@firebase+app-compat@0.5.16": {
      "integrity": "sha512-mu7S/75UIajB1A5M9Vfojk69LttW55uABp9nHEtWrV/mIaSEwvoaIe9GySsEzS2EKFK5/3f5okcAuUbihhYeJg==",
      "dependencies": [
        "@firebase/app",
        "@firebase/app-compat",
        "@firebase/component",
        "@firebase/database",
        "@firebase/database-types",
        "@firebase/logger",
        "@firebase/util",
        "tslib"
      ],
      "optionalPeers": [
        "@firebase/app",
        "@firebase/app-compat"
      ]
    },
    "@firebase/database-types@1.0.21": {
      "integrity": "sha512-SX1jUqhttKgg/m9dYRTvqU9QvucBooziWfA986r4cpsbi4zlsvewe424j3Vpduwd6DG1MSAMfBVT2VqA61FnkA==",
      "dependencies": [
        "@firebase/app-types",
        "@firebase/util"
      ]
    },
    "@firebase/database@1.1.4": {
      "integrity": "sha512-D+j4+8uhGtNd1tVD+X+c8JrC4ppStGJKyujSQt2NPwdN26QcCk0BeIxue+UqspHkHiFHyQOimwlzjLewGq6S+A==",
      "dependencies": [
        "@firebase/app-check-interop-types",
        "@firebase/auth-interop-types",
        "@firebase/component",
        "@firebase/logger",
        "@firebase/util",
        "faye-websocket",
        "tslib"
      ]
    },
    "@firebase/firestore-compat@0.4.12_@firebase+app@0.16.0_@firebase+app-compat@0.5.16_@firebase+app-types@0.9.5": {
      "integrity": "sha512-k2uX81Ao/S0jnFcWGPOQpKK1cPlJHvD9WIqh/RE1XBDP2yg5zhE4rHhSg1rtB11k39q3nKon9XLNDDrPjGclag==",
      "dependencies": [
        "@firebase/app",
        "@firebase/app-compat",
        "@firebase/component",
        "@firebase/firestore",
        "@firebase/firestore-types",
        "@firebase/util",
        "tslib"
      ]
    },
    "@firebase/firestore-types@3.0.4_@firebase+app-types@0.9.5_@firebase+util@1.15.2": {
      "integrity": "sha512-jGn+JSS4X9zZsrfu7Yw66v5YRdOLD1oyQh4USR0xWl4CUqV/DA6bNIXRPpxH/cUl3iVTNiP6MN7g+EL42A4qfA==",
      "dependencies": [
        "@firebase/app-types",
        "@firebase/util"
      ]
    },
    "@firebase/firestore@4.17.0_@firebase+app@0.16.0": {
      "integrity": "sha512-P9tof6pyO1bnLlMWbux+5O7WFJqlb7OTPMKxxOiXKYiQl7mxykAvxr1BFCgWeEXUU7DZxQncyJ040B0IhFVZCg==",
      "dependencies": [
        "@firebase/app",
        "@firebase/component",
        "@firebase/logger",
        "@firebase/util",
        "@firebase/webchannel-wrapper",
        "@grpc/grpc-js",
        "@grpc/proto-loader",
        "re2js",
        "tslib"
      ]
    },
    "@firebase/functions-compat@0.4.6_@firebase+app@0.16.0_@firebase+app-compat@0.5.16": {
      "integrity": "sha512-dj9sOet+FIU91jeU4A3vGJoXHty7NqkSfjRLCwLgJXPDk1m72KFuxD3nlFgw/yXx/Fr7UjqzbxZ0LrIOdpx7+w==",
      "dependencies": [
        "@firebase/app",
        "@firebase/app-compat",
        "@firebase/component",
        "@firebase/functions",
        "@firebase/functions-types",
        "@firebase/util",
        "tslib"
      ]
    },
    "@firebase/functions-types@0.6.4": {
      "integrity": "sha512-zV6kgqtduR4rUAdC/ilS7kmb93XD7bEZoJDlVBZqlOw2uGGGCNBQBuleww2rr0Ulr3L9o2TDjumEt68/l1f9DQ=="
    },
    "@firebase/functions@0.13.6_@firebase+app@0.16.0": {
      "integrity": "sha512-9obLnzeQUivK5lmtGFOU2ucQ38BjTp+jpPtbfFp/mDsdVCvEpRqdWNvMMQ6aQwR4vcVc/utsvngm5BRkXbc7ZA==",
      "dependencies": [
        "@firebase/app",
        "@firebase/app-check-interop-types",
        "@firebase/auth-interop-types",
        "@firebase/component",
        "@firebase/messaging-interop-types",
        "@firebase/util",
        "tslib"
      ]
    },
    "@firebase/installations-compat@0.2.23_@firebase+app@0.16.0_@firebase+app-compat@0.5.16_@firebase+app-types@0.9.5": {
      "integrity": "sha512-isaXmjb9roM83eVeXAe+ZRNKYNsSo2s0aNM+cy04AAGEyVL/d8Aa11GwEXovRFeYjl9+1yRAOxRDTOukZRwTxA==",
      "dependencies": [
        "@firebase/app",
        "@firebase/app-compat",
        "@firebase/component",
        "@firebase/installations",
        "@firebase/installations-types",
        "@firebase/util",
        "tslib"
      ]
    },
    "@firebase/installations-types@0.5.4_@firebase+app-types@0.9.5": {
      "integrity": "sha512-U2eFapdHwjb43Vx9o+Pmj4dFfvcHEK1IirEFLqMtWrTHvmdrS3gBpBD1kmJk/9HjsOtoHZxJ2Paoe79e+L1ZPg==",
      "dependencies": [
        "@firebase/app-types"
      ]
    },
    "@firebase/installations@0.6.23_@firebase+app@0.16.0": {
      "integrity": "sha512-MBkbcQfd+3qHjW+slsH4s7jH5qTdGlYpwqmxEZ7QcIpgDxu1SKyU0f+mCZhCt1BCacLNiOWF5L0R06N0LtlfMg==",
      "dependencies": [
        "@firebase/app",
        "@firebase/component",
        "@firebase/util",
        "idb",
        "tslib"
      ]
    },
    "@firebase/logger@0.5.1": {
      "integrity": "sha512-vZKLsqE1ABOy8OjQiE7cUTFn4gvaqlk88yp8N94Pk/sDpq61YqZGqmVFZTvOyflTwuYFcWirBdYGoJgbDaXKYQ==",
      "dependencies": [
        "tslib"
      ]
    },
    "@firebase/messaging-compat@0.2.28_@firebase+app@0.16.0_@firebase+app-compat@0.5.16": {
      "integrity": "sha512-/AmMqHRnSQhPsdeED3ocs+s30/tpFvZDiiwIYY2uXFRvLujo1fnbPOeCFoe4Y+dRy1LCSjpvJf+dy5ZTsxi1yg==",
      "dependencies": [
        "@firebase/app",
        "@firebase/app-compat",
        "@firebase/component",
        "@firebase/messaging",
        "@firebase/util",
        "tslib"
      ]
    },
    "@firebase/messaging-interop-types@0.2.5": {
      "integrity": "sha512-tUEKnaAP2Y/MNIqgnriPpV6e5l13Vs/+p2yrd6NGlncPJT9O3a8muYZtdnWe+IJ4fgKLHJVC79n/asxk/N5Msw=="
    },
    "@firebase/messaging@0.13.1_@firebase+app@0.16.0": {
      "integrity": "sha512-kL8fdjbNBI7hprlXJrUjktDWosrpT4JtfwXtVVevImPF/rBRAsC+LS/jIs+kgQVuotnvMhaBCgAFipBoY9YU9g==",
      "dependencies": [
        "@firebase/app",
        "@firebase/component",
        "@firebase/installations",
        "@firebase/messaging-interop-types",
        "@firebase/util",
        "idb",
        "tslib"
      ]
    },
    "@firebase/performance-compat@0.2.26_@firebase+app@0.16.0_@firebase+app-compat@0.5.16": {
      "integrity": "sha512-jgoocXLN6ao26xWQ8pzosmzQ33uLzGBJQPNK0NTbVy1XvIHr5pfgBf9hWLOxsWe+R7sJq5bjD+8ybXprmt61mA==",
      "dependencies": [
        "@firebase/app",
        "@firebase/app-compat",
        "@firebase/component",
        "@firebase/logger",
        "@firebase/performance",
        "@firebase/performance-types",
        "@firebase/util",
        "tslib"
      ]
    },
    "@firebase/performance-types@0.2.4": {
      "integrity": "sha512-kJSEk7b0uhpcPRyL4SQ/GPujLqk52XNKcXlnsKDbWGAb9vugcLvOU3u6zfEdwd+d8hWJb5S5ZizV1JFFI0nkKg=="
    },
    "@firebase/performance@0.7.13_@firebase+app@0.16.0": {
      "integrity": "sha512-1u6fuXP9cj0s+lkTFAspr/ttfPebPbEdpx+5Wdr4mPZbp8qH2KCMxOddEAR1ZMRa5GI0E7hDYSnolEmbqOFOAg==",
      "dependencies": [
        "@firebase/app",
        "@firebase/component",
        "@firebase/installations",
        "@firebase/logger",
        "@firebase/util",
        "tslib",
        "web-vitals"
      ]
    },
    "@firebase/remote-config-compat@0.2.28_@firebase+app@0.16.0_@firebase+app-compat@0.5.16": {
      "integrity": "sha512-kEO9Gn6fbmVj7eNUtZ6d59mLgUDUD0qo7aCicGOWNfuRWTaUv3CF9DMYychO61zaEQ3cfA+CEny4V1E8A1gRGA==",
      "dependencies": [
        "@firebase/app",
        "@firebase/app-compat",
        "@firebase/component",
        "@firebase/logger",
        "@firebase/remote-config",
        "@firebase/remote-config-types",
        "@firebase/util",
        "tslib"
      ]
    },
    "@firebase/remote-config-types@0.5.1": {
      "integrity": "sha512-cX/1LT6KQwkXzck2eSzeKnuvXZCyr8qaPpDcikoJs7jmI+oBOXixpDLeDtWj1U6GNMkIoXrEDNoyT2Ypcyp5/A=="
    },
    "@firebase/remote-config@0.9.1_@firebase+app@0.16.0": {
      "integrity": "sha512-nzQUSJnk1zAZEl2Q5O3I7Z61cYLK5JI4H6wyyOiHkVZ+bmgy1YXNNMptNbVjixMQ/eCzgA6nZRaC+1eBcJGUFA==",
      "dependencies": [
        "@firebase/app",
        "@firebase/component",
        "@firebase/installations",
        "@firebase/logger",
        "@firebase/util",
        "tslib"
      ]
    },
    "@firebase/storage-compat@0.4.4_@firebase+app@0.16.0_@firebase+app-compat@0.5.16_@firebase+app-types@0.9.5": {
      "integrity": "sha512-qSRgCB9f2R/nCp8t/8OC101cIFBFeUazlRInOMdzbnLzvrQBzEfx19SrR4pvdj/0+M+P/y8AK/a2s+3EB+B1Pw==",
      "dependencies": [
        "@firebase/app",
        "@firebase/app-compat",
        "@firebase/component",
        "@firebase/storage",
        "@firebase/storage-types",
        "@firebase/util",
        "tslib"
      ]
    },
    "@firebase/storage-types@0.8.4_@firebase+app-types@0.9.5_@firebase+util@1.15.2": {
      "integrity": "sha512-BT7cwxJOx8SWwlQfrlC+bD/Sk3Cw+1odCi8UZNFNWTVZoPsBnA5W+mqtZzVnvsdJpXCFGSGQ7R7vOR6dtM/BRA==",
      "dependencies": [
        "@firebase/app-types",
        "@firebase/util"
      ]
    },
    "@firebase/storage@0.14.4_@firebase+app@0.16.0": {
      "integrity": "sha512-jfzEWZb3Fpsq3FwAB2ifoc8mcSh935qXdDou3TpyjDWa45hhNcZUv8/w28/10njByhfK7snbakKN30nwnzQ3/w==",
      "dependencies": [
        "@firebase/app",
        "@firebase/component",
        "@firebase/util",
        "tslib"
      ]
    },
    "@firebase/util@1.15.2": {
      "integrity": "sha512-974pWIZVLDMc5GW5YAsj8y0XxULxIy/sPUy7tsxmWbF93KRIyh9xpuHlh0zDL+shUcf5nHDjFOg9YLiQ763eiA==",
      "dependencies": [
        "tslib"
      ],
      "scripts": true
    },
    "@firebase/webchannel-wrapper@1.0.6": {
      "integrity": "sha512-Vr/Mqu79dMwGRAyGbJ4uN4+BtXB3/mRTdzetD1daWNeG8QaWuzhhbG77GltO5c0yYmYls8i250iX73624GJd7Q=="
    },
    "@grpc/grpc-js@1.9.16": {
      "integrity": "sha512-wE4Ut/olIzfKqp631XrG+wbF0v1vWFN4YL9FyXC2LJiG33DsV7PLzURjrCvY/6je2ntdRkeLpPDluzSRGaVltQ==",
      "dependencies": [
        "@grpc/proto-loader",
        "@types/node"
      ]
    },
    "@grpc/proto-loader@0.7.15": {
      "integrity": "sha512-tMXdRCfYVixjuFK+Hk0Q1s38gV9zDiDJfWL3h1rv4Qc39oILCu1TRTDt7+fGUI8K4G1Fj125Hx/ru3azECWTyQ==",
      "dependencies": [
        "lodash.camelcase",
        "long",
        "protobufjs",
        "yargs"
      ],
      "bin": true
    },
    "@noble/ciphers@1.3.0": {
      "integrity": "sha512-2I0gnIVPtfnMw9ee9h1dJG7tp81+8Ob3OJb3Mv37rx5L40/b0i7djjCVvGOVqc9AEIQyvyu1i6ypKdFw8R8gQw=="
    },
    "@noble/curves@1.9.7": {
      "integrity": "sha512-gbKGcRUYIjA3/zCCNaWDciTMFI0dCkvou3TL8Zmy5Nc7sJ47a0jtOeZoTaMxkuqRo9cRhjOdZJXegxYE5FN/xw==",
      "dependencies": [
        "@noble/hashes"
      ]
    },
    "@noble/hashes@1.8.0": {
      "integrity": "sha512-jCs9ldd7NwzpgXDIf6P3+NrHh9/sD6CQdxHyjQI+h/6rDNo88ypBxxz45UDuZHz9r3tNz7N/VInSVoVdtXEI4A=="
    },
    "@protobufjs/aspromise@1.1.2": {
      "integrity": "sha512-j+gKExEuLmKwvz3OgROXtrJ2UG2x8Ch2YZUxahh+s1F2HZ+wAceUNLkvy6zKCPVRkU++ZWQrdxsUeQXmcg4uoQ=="
    },
    "@protobufjs/base64@1.1.2": {
      "integrity": "sha512-AZkcAA5vnN/v4PDqKyMR5lx7hZttPDgClv83E//FMNhR2TMcLUhfRUBHCmSl0oi9zMgDDqRUJkSxO3wm85+XLg=="
    },
    "@protobufjs/codegen@2.0.5": {
      "integrity": "sha512-zgXFLzW3Ap33e6d0Wlj4MGIm6Ce8O89n/apUaGNB/jx+hw+ruWEp7EwGUshdLKVRCxZW12fp9r40E1mQrf/34g=="
    },
    "@protobufjs/eventemitter@1.1.1": {
      "integrity": "sha512-vW1GmwMZNnL+gMRaovlh9yZX74kc+TTU3FObkkurpMaRtBfLP3ldjS9KQWlwZgraRE0+dheEEoAxdzcJQ8eXZg=="
    },
    "@protobufjs/fetch@1.1.1": {
      "integrity": "sha512-GpptLrs57adMSuHi3VNj0mAF8dwh36LMaYF6XyJ6JMWlVsc+t42tm1HSEDmOs3A8fC9yyeisgLhsTVQokOZ0zw==",
      "dependencies": [
        "@protobufjs/aspromise"
      ]
    },
    "@protobufjs/float@1.0.2": {
      "integrity": "sha512-Ddb+kVXlXst9d+R9PfTIxh1EdNkgoRe5tOX6t01f1lYWOvJnSPDBlG241QLzcyPdoNTsblLUdujGSE4RzrTZGQ=="
    },
    "@protobufjs/path@1.1.2": {
      "integrity": "sha512-6JOcJ5Tm08dOHAbdR3GrvP+yUUfkjG5ePsHYczMFLq3ZmMkAD98cDgcT2iA1lJ9NVwFd4tH/iSSoe44YWkltEA=="
    },
    "@protobufjs/pool@1.1.0": {
      "integrity": "sha512-0kELaGSIDBKvcgS4zkjz1PeddatrjYcmMWOlAuAPwAeccUrPHdUqo/J6LiymHHEiJT5NrF1UVwxY14f+fy4WQw=="
    },
    "@protobufjs/utf8@1.1.2": {
      "integrity": "sha512-b1UQwcEZ4yCnMCD8DAL1VlbvBJE9/IX4FTIp7BG1xYpf29SLazLSrqUkj4w7Y5y7cCVP6E5tcqqcI0xemPkHug=="
    },
    "@supabase/cli-darwin-arm64@2.111.0": {
      "integrity": "sha512-H1ucZ+9Z37Ha7uqYrKHfAy1vXWMVsN4gNlKaOpjKUYoHwDEbueEHVIDA1/PBIUd4HX+usJfpq+R+gWqzM/FKqQ==",
      "os": ["darwin"],
      "cpu": ["arm64"]
    },
    "@supabase/cli-darwin-x64@2.111.0": {
      "integrity": "sha512-4iMYm/XaAZJ8YzdJ2HBRVc7i9SRIwE6VQrnSt968WTt83M1y6knC7UENCKjMtO+As4QeZkICpUk50CeathqxbA==",
      "os": ["darwin"],
      "cpu": ["x64"]
    },
    "@supabase/cli-linux-arm64-musl@2.111.0": {
      "integrity": "sha512-RnvbVlJ4TX/UIwLiglBVQ2eL4GAl9SfWZmM5LENXyIaohBcRZHDva5t2OyK+BPGBtngjVGpb3QyfLdvkt9yJcw==",
      "os": ["linux"],
      "cpu": ["arm64"]
    },
    "@supabase/cli-linux-arm64@2.111.0": {
      "integrity": "sha512-2KSHITFMXe2u5yALupBWHGeQ1IY4C8GkcIWPWgNFdtAPo03pgs1hLWgL1eeqSh/a0wB/6rgUlM1fQR/hAgCyCA==",
      "os": ["linux"],
      "cpu": ["arm64"]
    },
    "@supabase/cli-linux-x64-musl@2.111.0": {
      "integrity": "sha512-2QVpsy/3v+TzqE5GgTCPruoxTlF3d8QPGirjcnah8hP66nxXStB9yTvxmJq+LtO3gwMt1Kpm7is0roZVkV55Pw==",
      "os": ["linux"],
      "cpu": ["x64"]
    },
    "@supabase/cli-linux-x64@2.111.0": {
      "integrity": "sha512-NwwNhiZZT4WYEPDXAbgZL+l77z/hoJ+w5t+52WBN1VlmoxwDmf2NP+UERM8wuCGFe/tmBlUuFE1eJYZfab0/qA==",
      "os": ["linux"],
      "cpu": ["x64"]
    },
    "@supabase/cli-windows-arm64@2.111.0": {
      "integrity": "sha512-twawKY5xfU2dNOnZrKDmrudxRG/XIKcBxOb6X2lMGJU3N1Hd+8oWpI9TwM5Qv+eXehtlsKDmUvbitStXvJr/xQ==",
      "os": ["win32"],
      "cpu": ["arm64"]
    },
    "@supabase/cli-windows-x64@2.111.0": {
      "integrity": "sha512-1F+X5tAYxAGx93ZZoIQBnIQ2Q2NnplKqjpigAS/zpTsNaWAjNi7EnxmuQKaEoAdqOHKbLhegVVDiw1+us3ZVpA==",
      "os": ["win32"],
      "cpu": ["x64"]
    },
    "@types/node@26.1.2": {
      "integrity": "sha512-Vu4a5UFA9rIIFJ7rB/Vaafh9lrCQszopTCx6KjFboXTGQbPNasehVR5TEiithSDGyd1DEiUByggTZsg8jukeIg==",
      "dependencies": [
        "undici-types"
      ]
    },
    "ansi-regex@5.0.1": {
      "integrity": "sha512-quJQXlTSUGL2LH9SUXo8VwsY4soanhgo6LNSm84E1LBcE8s3O0wpdiRzyR9z/ZZJMlMWv37qOOb9pdJlMUEKFQ=="
    },
    "ansi-styles@4.3.0": {
      "integrity": "sha512-zbB9rCJAT1rbjiVDb2hqKFHNYLxgtk8NURxZ3IZwD3F6NtxbXZQCnnSi1Lkx+IDohdPlFp222wVALIheZJQSEg==",
      "dependencies": [
        "color-convert"
      ]
    },
    "cliui@8.0.1": {
      "integrity": "sha512-BSeNnyus75C4//NQ9gQt1/csTXyo/8Sb+afLAkzAptFuMsod9HFokGNudZpi/oQV73hnVK+sR+5PVRMd+Dr7YQ==",
      "dependencies": [
        "string-width",
        "strip-ansi",
        "wrap-ansi"
      ]
    },
    "color-convert@2.0.1": {
      "integrity": "sha512-RRECPsj7iu/xb5oKYcsFHSppFNnsj/52OVTRKb4zP5onXwVF3zVmmToNcOfGC+CRDpfK/U584fMg38ZHCaElKQ==",
      "dependencies": [
        "color-name"
      ]
    },
    "color-name@1.1.4": {
      "integrity": "sha512-dOy+3AuW3a2wNbZHIuMZpTcgjGuLU/uBL/ubcZF9OXbDo8ff4O8yVp5Bf0efS8uEoYo5q4Fx7dY9OgQGXgAsQA=="
    },
    "eciesjs@0.5.0": {
      "integrity": "sha512-s0J9SEVYAEPg7J63GFMApLYzPH9VNIQIyC6s15JpnqVc0TqcKWdbgFlnAweEBRyMmko2dcs2sfC83Hj4J43tuA==",
      "dependencies": [
        "@ecies/ciphers",
        "@noble/ciphers",
        "@noble/curves",
        "@noble/hashes"
      ]
    },
    "emoji-regex@8.0.0": {
      "integrity": "sha512-MSjYzcWNOA0ewAHpz0MxpYFvwg6yjy1NG3xteoqz644VCo/RPgnr1/GGt+ic3iJTzQ8Eu3TdM14SawnVUmGE6A=="
    },
    "escalade@3.2.0": {
      "integrity": "sha512-WUj2qlxaQtO4g6Pq5c29GTcWGDyd8itL8zTlipgECz3JesAiiOKotd8JU6otB3PACgG6xkJUyVhboMS+bje/jA=="
    },
    "faye-websocket@0.11.4": {
      "integrity": "sha512-CzbClwlXAuiRQAlUyfqPgvPoNKTckTPGfwZV4ZdAhVcP2lh9KUxJg2b5GkE7XbjKQ3YJnQ9z6D9ntLAlB+tP8g==",
      "dependencies": [
        "websocket-driver"
      ]
    },
    "firebase@12.17.1": {
      "integrity": "sha512-dhp41ye9jMQvhx5FwjMkf/hjDHJApl7gXmvzOZGvP0M7c/GZGUnQ4qvsvlOBkF0Pa7wAwHMdcpL0ON2pXCQ4Sw==",
      "dependencies": [
        "@firebase/ai",
        "@firebase/analytics",
        "@firebase/analytics-compat",
        "@firebase/app",
        "@firebase/app-check",
        "@firebase/app-check-compat",
        "@firebase/app-compat",
        "@firebase/app-types",
        "@firebase/auth",
        "@firebase/auth-compat",
        "@firebase/data-connect",
        "@firebase/database",
        "@firebase/database-compat",
        "@firebase/firestore",
        "@firebase/firestore-compat",
        "@firebase/functions",
        "@firebase/functions-compat",
        "@firebase/installations",
        "@firebase/installations-compat",
        "@firebase/messaging",
        "@firebase/messaging-compat",
        "@firebase/performance",
        "@firebase/performance-compat",
        "@firebase/remote-config",
        "@firebase/remote-config-compat",
        "@firebase/storage",
        "@firebase/storage-compat",
        "@firebase/util"
      ]
    },
    "get-caller-file@2.0.5": {
      "integrity": "sha512-DyFP3BM/3YHTQOCUL/w0OZHR0lpKeGrxotcHWcqNEdnltqFwXVfhEBQ94eIo34AfQpo0rGki4cyIiftY06h2Fg=="
    },
    "http-parser-js@0.5.10": {
      "integrity": "sha512-Pysuw9XpUq5dVc/2SMHpuTY01RFl8fttgcyunjL7eEMhGM3cI4eOmiCycJDVCo/7O7ClfQD3SaI6ftDzqOXYMA=="
    },
    "idb@7.1.1": {
      "integrity": "sha512-gchesWBzyvGHRO9W8tzUWFDycow5gwjvFKfyV9FF32Y7F50yZMp7mP+T2mJIWFx49zicqyC4uefHM17o6xKIVQ=="
    },
    "is-fullwidth-code-point@3.0.0": {
      "integrity": "sha512-zymm5+u+sCsSWyD9qNaejV3DFvhCKclKdizYaJUuHA83RLjb7nSuGnddCHGv0hk+KY7BMAlsWeK4Ueg6EV6XQg=="
    },
    "jose@6.2.8": {
      "integrity": "sha512-Bsdjwm3Qsd/P0jR+BHDe3LytDfY7WBq2HmCCLIwuVRHMuEC9ae7/R474GIUdF1NgCyZjzVo/A9DOiOBtXq8ZoQ=="
    },
    "lodash.camelcase@4.3.0": {
      "integrity": "sha512-TwuEnCnxbc3rAvhf/LbG7tJUDzhqXyFnv3dtzLOPgCG/hODL7WFnsbwktkD7yUV0RrreP/l1PALq/YSg6VvjlA=="
    },
    "long@5.3.2": {
      "integrity": "sha512-mNAgZ1GmyNhD7AuqnTG3/VQ26o760+ZYBPKjPvugO8+nLbYfX6TVpJPseBvopbdY+qpZ/lKUnmEc1LeZYS3QAA=="
    },
    "protobufjs@7.6.5": {
      "integrity": "sha512-/FPD0nUc9jH6rfFjji9IBqOz4pcSE3CsT1m7Ep6Mdb0LxSUMj8hgl6GomOvZzpNpAqqGaXA0P3VSrZLFzIhQrw==",
      "dependencies": [
        "@protobufjs/aspromise",
        "@protobufjs/base64",
        "@protobufjs/codegen",
        "@protobufjs/eventemitter",
        "@protobufjs/fetch",
        "@protobufjs/float",
        "@protobufjs/path",
        "@protobufjs/pool",
        "@protobufjs/utf8",
        "@types/node",
        "long"
      ],
      "scripts": true
    },
    "re2js@2.8.6": {
      "integrity": "sha512-xLgQil4kIUCrAzVk9fRSkxkFNwmygLFjVxXrLc65aE1F0+Zsb8rxumFBy4XKyvgMCTL6kilDq3EZ0piE2dP/Dg=="
    },
    "require-directory@2.1.1": {
      "integrity": "sha512-fGxEI7+wsG9xrvdjsrlmL22OMTTiHRwAMroiEeMgq8gzoLC/PQr7RsRDSTLUg/bZAZtF+TVIkHc6/4RIKrui+Q=="
    },
    "safe-buffer@5.2.1": {
      "integrity": "sha512-rp3So07KcdmmKbGvgaNxQSJr7bGVSVk5S9Eq1F+ppbRo70+YeaDxkw5Dd8NPN+GD6bjnYm2VuPuCXmpuYvmCXQ=="
    },
    "string-width@4.2.3": {
      "integrity": "sha512-wKyQRQpjJ0sIp62ErSZdGsjMJWsap5oRNihHhu6G7JVO/9jIB6UyevL+tXuOqrng8j/cxKTWyWUwvSTriiZz/g==",
      "dependencies": [
        "emoji-regex",
        "is-fullwidth-code-point",
        "strip-ansi"
      ]
    },
    "strip-ansi@6.0.1": {
      "integrity": "sha512-Y38VPSHcqkFrCpFnQ9vuSXmquuv5oXOKpGeT6aGrr3o3Gc9AlVa6JBfUSOCnbxGGZF+/0ooI7KrPuUSztUdU5A==",
      "dependencies": [
        "ansi-regex"
      ]
    },
    "supabase@2.111.0": {
      "integrity": "sha512-0cjCRdYNV1h2XXa0wm04mdct7QuDU7sMul/NwETRJmN3+HCsdEu6u5n0oygL97fdf6sDrGmnAdBh8E4wsv1ayg==",
      "dependencies": [
        "eciesjs",
        "jose"
      ],
      "optionalDependencies": [
        "@supabase/cli-darwin-arm64",
        "@supabase/cli-darwin-x64",
        "@supabase/cli-linux-arm64",
        "@supabase/cli-linux-arm64-musl",
        "@supabase/cli-linux-x64",
        "@supabase/cli-linux-x64-musl",
        "@supabase/cli-windows-arm64",
        "@supabase/cli-windows-x64"
      ],
      "bin": true
    },
    "tslib@2.8.1": {
      "integrity": "sha512-oJFu94HQb+KVduSUQL7wnpmqnfmLsOA/nAh6b6EH0wCEoK0/mPeXU6c3wKDV83MkOuHPRHtSXKKU99IBazS/2w=="
    },
    "undici-types@8.3.0": {
      "integrity": "sha512-j375ScV60dom+YkPFIfTLcOiPxkN/buHz5GobjLhixFuANaNs3C9l4GmrWqejgXWJ7BbJcFYpTEUkS1Ge8bpZQ=="
    },
    "web-vitals@4.2.4": {
      "integrity": "sha512-r4DIlprAGwJ7YM11VZp4R884m0Vmgr6EAKe3P+kO0PPj3Unqyvv59rczf6UiGcb9Z8QxZVcqKNwv/g0WNdWwsw=="
    },
    "websocket-driver@0.7.5": {
      "integrity": "sha512-ZL2+3c7kMBdIRCMz6l8jQMHyGVxj+UL+xVk74Ombiciboca8rHa15L86B19E5oh1pL9Ii/uj54gtsIrZGMo6zA==",
      "dependencies": [
        "http-parser-js",
        "safe-buffer",
        "websocket-extensions"
      ]
    },
    "websocket-extensions@0.1.4": {
      "integrity": "sha512-OqedPIGOfsDlo31UNwYbCFMSaO9m9G/0faIHj5/dZFDMFqPTcx6UwqyOy3COEaEOg/9VsGIpdqn62W5KhoKSpg=="
    },
    "wrap-ansi@7.0.0": {
      "integrity": "sha512-YVGIj2kamLSTxw6NsZjoBxfSwsn0ycdesmc4p+Q21c5zPuZ1pl+NfxVdxPtdHvmNVOQ6XSYG4AUtyt/Fi7D16Q==",
      "dependencies": [
        "ansi-styles",
        "string-width",
        "strip-ansi"
      ]
    },
    "y18n@5.0.8": {
      "integrity": "sha512-0pfFzegeDWJHJIAmTLRP2DwHjdF5s7jo9tuztdQxAhINCdvS+3nGINqPd00AphqJR/0LhANUS6/+7SCb98YOfA=="
    },
    "yargs-parser@21.1.1": {
      "integrity": "sha512-tVpsJW7DdjecAiFpbIB1e3qxIQsE6NoPc5/eTdrbbIC4h0LVsWhnoa3g+m2HclBIujHzsxZ4VJVA+GUuc2/LBw=="
    },
    "yargs@17.7.3": {
      "integrity": "sha512-GZtjxm/J/4TSxuL3FNYjCmLktBTnIw/rVmKSIyKeYAZpmJB2ig9VauCC5xsa82GNKVKDAqpOn3KVzNt0zmrU0g==",
      "dependencies": [
        "cliui",
        "escalade",
        "get-caller-file",
        "require-directory",
        "string-width",
        "y18n",
        "yargs-parser"
      ]
    }
  },
  "redirects": {
    "https://esm.sh/@supabase/phoenix@^0.4.2?target=denonext": "https://esm.sh/@supabase/phoenix@0.4.5?target=denonext",
    "https://esm.sh/iceberg-js@^0.8.1?target=denonext": "https://esm.sh/iceberg-js@0.8.1?target=denonext"
  },
  "remote": {
    "https://esm.sh/@supabase/auth-js@2.107.0/denonext/auth-js.mjs": "9efe355f7937a2692d2925121a82786f8b7d074279150a60810c0b86dbc36432",
    "https://esm.sh/@supabase/functions-js@2.107.0/denonext/functions-js.mjs": "5ed82ece0109721791d2669883783d3f5b253045ec369cc7621dd70b7ed5486f",
    "https://esm.sh/@supabase/phoenix@0.4.5/denonext/phoenix.mjs": "40bd2a70829cd847848baac58e635bacd83fd62188f6624b44e2c295341004eb",
    "https://esm.sh/@supabase/phoenix@0.4.5?target=denonext": "28b2760cf24e1117ed0644a665bfab1c60d132872fa95bcae4cc3fecc7499ee2",
    "https://esm.sh/@supabase/postgrest-js@2.107.0/denonext/postgrest-js.mjs": "78a4bf182692c1da5d74fb82a0ed8f0ba87fb1664a6b6d6062b6d29255537102",
    "https://esm.sh/@supabase/realtime-js@2.107.0/denonext/realtime-js.mjs": "86b97f358bae4a284d1f23793f626f9a06de20f643e9dc7a1dfac46bd027554e",
    "https://esm.sh/@supabase/storage-js@2.107.0/denonext/storage-js.mjs": "59c5ca251b6d86e4a34fa4c203fe770953706a75e4e4f83fabbda3c71b0d797e",
    "https://esm.sh/@supabase/supabase-js@2.107.0": "8caa09b0223684d83cfa273de2946af25430d7ca8e5320b721226a0c7a8c6e98",
    "https://esm.sh/@supabase/supabase-js@2.107.0/denonext/supabase-js.mjs": "484b307b403bef3c8548960afbb580706542dc9d0153095f7b2c59e860cde300",
    "https://esm.sh/iceberg-js@0.8.1/denonext/iceberg-js.mjs": "d839d81a2e3966500ca2cdd0c1cb458e9608bacfc91f7bb67a69b2e878dcdb4f",
    "https://esm.sh/iceberg-js@0.8.1?target=denonext": "58c849d7fe2bf4eca4a84eb501e83c161a7d8c34ca1bec15a962b3bec3062633",
    "https://esm.sh/tslib@2.8.1/denonext/tslib.mjs": "c38da5dd6da6281964435002ce204cd586634fe3bdfb24a0ee116f48cf3292e9"
  },
  "workspace": {
    "dependencies": [
      "jsr:@std/assert@1"
    ],
    "packageJson": {
      "dependencies": [
        "npm:firebase@^12.16.0",
        "npm:supabase@^2.105.0"
      ]
    }
  }
}
